
Microsoft Visual Studio Solution File, Format Version 9.00
# Visual Studio 2005
Project("{8BC9CEB8-8B4A-11D0-8D11-00A0C91BC942}") = "locktag", "locktag.vcproj", "{9A344A16-BA6F-4AD8-8ACD-6759163CBF5D}"
EndProject
Project("{8BC9CEB8-8B4A-11D0-8D11-00A0C91BC942}") = "Read", "Read.vcproj", "{F14DB285-25F2-49A0-BF61-C7C2D05DF444}"
EndProject
Project("{8BC9CEB8-8B4A-11D0-8D11-00A0C91BC942}") = "demo", "demo.vcproj", "{BF06D47D-AA70-4791-B1D6-97724273F462}"
EndProject
Project("{8BC9CEB8-8B4A-11D0-8D11-00A0C91BC942}") = "filter", "filter.vcproj", "{F8CD5B12-5141-4196-9871-F15426E34242}"
EndProject
Project("{8BC9CEB8-8B4A-11D0-8D11-00A0C91BC942}") = "BlockPermalock", "BlockPermalock.vcproj", "{5066DACA-2D84-430E-9527-BABC5D181F98}"
EndProject
Project("{8BC9CEB8-8B4A-11D0-8D11-00A0C91BC942}") = "BlockWrite", "BlockWrite.vcproj", "{F9665257-4A53-4B98-BD2D-1C4DF79142A8}"
EndProject
Project("{8BC9CEB8-8B4A-11D0-8D11-00A0C91BC942}") = "LicenseKey", "LicenseKey.vcproj", "{7F888329-2D50-410B-8C85-DE41F417100A}"
EndProject
Project("{8BC9CEB8-8B4A-11D0-8D11-00A0C91BC942}") = "MultiProtocolRead", "MultiProtocolRead.vcproj", "{BF35E8EE-414F-4812-8B27-DF04BC195765}"
EndProject
Project("{8BC9CEB8-8B4A-11D0-8D11-00A0C91BC942}") = "SavedConfig", "SavedConfig.vcproj", "{63B37848-8BC8-4CBA-B347-C5A696CA5ECB}"
EndProject
Project("{8BC9CEB8-8B4A-11D0-8D11-00A0C91BC942}") = "EmbeddedReadTID", "EmbeddedReadTID.vcproj", "{C2C4AE0E-FAC0-40A1-AA0F-76E9FD134CCE}"
EndProject
Project("{8BC9CEB8-8B4A-11D0-8D11-00A0C91BC942}") = "WriteTag", "WriteTag.vcproj", "{D92C20F7-085B-4FA2-991A-C2F8EB3575C9}"
EndProject
Project("{8BC9CEB8-8B4A-11D0-8D11-00A0C91BC942}") = "ReadAsync", "ReadAsync.vcproj", "{072067C7-D3DC-4BDC-B5DC-2616EE152438}"
EndProject
Project("{8BC9CEB8-8B4A-11D0-8D11-00A0C91BC942}") = "ReadAsyncTrack", "ReadAsyncTrack.vcproj", "{FA3719A4-5E91-4C3A-8782-2E0D3B09682C}"
EndProject
Project("{8BC9CEB8-8B4A-11D0-8D11-00A0C91BC942}") = "MultiReadAsync", "MultiReadAsync.vcproj", "{6C7B71A2-3AC9-40F0-95FC-4BCD2369AA7D}"
EndProject
Project("{8BC9CEB8-8B4A-11D0-8D11-00A0C91BC942}") = "ReadAsyncFilter", "ReadAsyncFilter.vcproj", "{E741AE4F-37DC-4848-89D5-03A5834C4600}"
EndProject
Project("{8BC9CEB8-8B4A-11D0-8D11-00A0C91BC942}") = "ReadAsyncFilter-ISO18k6b", "ReadAsyncFilter-ISO18k6B.vcproj", "{EA43532A-B68C-482F-BDE9-26E7A97C8905}"
EndProject
Project("{8BC9CEB8-8B4A-11D0-8D11-00A0C91BC942}") = "SerialTime", "SerialTime.vcproj", "{3065DACE-AA05-4B94-9300-446CC5BA8EE7}"
EndProject
Project("{8BC9CEB8-8B4A-11D0-8D11-00A0C91BC942}") = "FastId", "FastId.vcproj", "{B6850394-A4DD-45CE-A1C9-16C4D67E3655}"
EndProject
Project("{8BC9CEB8-8B4A-11D0-8D11-00A0C91BC942}") = "DenatranIAVCustomTagOperations", "DenatranIAVCustomTagOperations.vcproj", "{5FC62B27-041C-4E8B-B2AE-055ADE89E567}"
EndProject
Project("{8BC9CEB8-8B4A-11D0-8D11-00A0C91BC942}") = "ReaderStats", "ReaderStats.vcproj", "{EACBE958-11A9-436D-8AC7-229AD18C89D9}"
EndProject
Project("{8BC9CEB8-8B4A-11D0-8D11-00A0C91BC942}") = "ReaderInformation", "ReaderInformation.vcproj", "{624E0B3A-F695-48D3-B58E-19CF12409A9A}"
EndProject
Project("{8BC9CEB8-8B4A-11D0-8D11-00A0C91BC942}") = "AntennaList", "AntennaList.vcproj", "{DCF8CFC2-B022-46A9-9044-3B7741B01847}"
EndProject
Project("{8BC9CEB8-8B4A-11D0-8D11-00A0C91BC942}") = "ReadIntoArray", "ReadIntoArray.vcproj", "{BF225473-856C-4DE5-B6F7-80796D8361D0}"
EndProject
Project("{8BC9CEB8-8B4A-11D0-8D11-00A0C91BC942}") = "SecureReadData", "SecureReadData.vcproj", "{87B9B07B-7CCB-4BAE-BB7C-2CC120044F72}"
EndProject
Project("{8BC9CEB8-8B4A-11D0-8D11-00A0C91BC942}") = "ReadStopTrigger", "ReadStopTrigger.vcproj", "{3A59C7B6-6978-473E-A12B-1EE423121F36}"
EndProject
Project("{8BC9CEB8-8B4A-11D0-8D11-00A0C91BC942}") = "FirmwareLoad", "FirmwareLoad.vcproj", "{2EC32595-294F-4641-82B3-DA6117181AA0}"
EndProject
Project("{8BC9CEB8-8B4A-11D0-8D11-00A0C91BC942}") = "RebootReader", "RebootReader.vcproj", "{D106EEEC-2621-46EB-A018-311475458D63}"
EndProject
Project("{8BC9CEB8-8B4A-11D0-8D11-00A0C91BC942}") = "ReadCustomTransport", "ReadCustomTransport.vcproj", "{CA960C6D-6ECF-45BE-BC5E-08A5D919DC6A}"
EndProject
Global
	GlobalSection(SolutionConfigurationPlatforms) = preSolution
		Debug|Win32 = Debug|Win32
		Release|Win32 = Release|Win32
	EndGlobalSection
	GlobalSection(ProjectConfigurationPlatforms) = postSolution
		{9A344A16-BA6F-4AD8-8ACD-6759163CBF5D}.Debug|Win32.ActiveCfg = Debug|Win32
		{9A344A16-BA6F-4AD8-8ACD-6759163CBF5D}.Debug|Win32.Build.0 = Debug|Win32
		{9A344A16-BA6F-4AD8-8ACD-6759163CBF5D}.Release|Win32.ActiveCfg = Release|Win32
		{9A344A16-BA6F-4AD8-8ACD-6759163CBF5D}.Release|Win32.Build.0 = Release|Win32
		{F14DB285-25F2-49A0-BF61-C7C2D05DF444}.Debug|Win32.ActiveCfg = Debug|Win32
		{F14DB285-25F2-49A0-BF61-C7C2D05DF444}.Debug|Win32.Build.0 = Debug|Win32
		{F14DB285-25F2-49A0-BF61-C7C2D05DF444}.Release|Win32.ActiveCfg = Release|Win32
		{F14DB285-25F2-49A0-BF61-C7C2D05DF444}.Release|Win32.Build.0 = Release|Win32
		{BF06D47D-AA70-4791-B1D6-97724273F462}.Debug|Win32.ActiveCfg = Debug|Win32
		{BF06D47D-AA70-4791-B1D6-97724273F462}.Debug|Win32.Build.0 = Debug|Win32
		{BF06D47D-AA70-4791-B1D6-97724273F462}.Release|Win32.ActiveCfg = Release|Win32
		{BF06D47D-AA70-4791-B1D6-97724273F462}.Release|Win32.Build.0 = Release|Win32
		{F8CD5B12-5141-4196-9871-F15426E34242}.Debug|Win32.ActiveCfg = Debug|Win32
		{F8CD5B12-5141-4196-9871-F15426E34242}.Debug|Win32.Build.0 = Debug|Win32
		{F8CD5B12-5141-4196-9871-F15426E34242}.Release|Win32.ActiveCfg = Release|Win32
		{F8CD5B12-5141-4196-9871-F15426E34242}.Release|Win32.Build.0 = Release|Win32
		{5066DACA-2D84-430E-9527-BABC5D181F98}.Debug|Win32.ActiveCfg = Debug|Win32
		{5066DACA-2D84-430E-9527-BABC5D181F98}.Debug|Win32.Build.0 = Debug|Win32
		{5066DACA-2D84-430E-9527-BABC5D181F98}.Release|Win32.ActiveCfg = Release|Win32
		{5066DACA-2D84-430E-9527-BABC5D181F98}.Release|Win32.Build.0 = Release|Win32
		{F9665257-4A53-4B98-BD2D-1C4DF79142A8}.Debug|Win32.ActiveCfg = Debug|Win32
		{F9665257-4A53-4B98-BD2D-1C4DF79142A8}.Debug|Win32.Build.0 = Debug|Win32
		{F9665257-4A53-4B98-BD2D-1C4DF79142A8}.Release|Win32.ActiveCfg = Release|Win32
		{F9665257-4A53-4B98-BD2D-1C4DF79142A8}.Release|Win32.Build.0 = Release|Win32
		{7F888329-2D50-410B-8C85-DE41F417100A}.Debug|Win32.ActiveCfg = Debug|Win32
		{7F888329-2D50-410B-8C85-DE41F417100A}.Debug|Win32.Build.0 = Debug|Win32
		{7F888329-2D50-410B-8C85-DE41F417100A}.Release|Win32.ActiveCfg = Release|Win32
		{7F888329-2D50-410B-8C85-DE41F417100A}.Release|Win32.Build.0 = Release|Win32
		{BF35E8EE-414F-4812-8B27-DF04BC195765}.Debug|Win32.ActiveCfg = Debug|Win32
		{BF35E8EE-414F-4812-8B27-DF04BC195765}.Debug|Win32.Build.0 = Debug|Win32
		{BF35E8EE-414F-4812-8B27-DF04BC195765}.Release|Win32.ActiveCfg = Release|Win32
		{BF35E8EE-414F-4812-8B27-DF04BC195765}.Release|Win32.Build.0 = Release|Win32
		{63B37848-8BC8-4CBA-B347-C5A696CA5ECB}.Debug|Win32.ActiveCfg = Debug|Win32
		{63B37848-8BC8-4CBA-B347-C5A696CA5ECB}.Debug|Win32.Build.0 = Debug|Win32
		{63B37848-8BC8-4CBA-B347-C5A696CA5ECB}.Release|Win32.ActiveCfg = Release|Win32
		{63B37848-8BC8-4CBA-B347-C5A696CA5ECB}.Release|Win32.Build.0 = Release|Win32
		{C2C4AE0E-FAC0-40A1-AA0F-76E9FD134CCE}.Debug|Win32.ActiveCfg = Debug|Win32
		{C2C4AE0E-FAC0-40A1-AA0F-76E9FD134CCE}.Debug|Win32.Build.0 = Debug|Win32
		{C2C4AE0E-FAC0-40A1-AA0F-76E9FD134CCE}.Release|Win32.ActiveCfg = Release|Win32
		{C2C4AE0E-FAC0-40A1-AA0F-76E9FD134CCE}.Release|Win32.Build.0 = Release|Win32
		{D92C20F7-085B-4FA2-991A-C2F8EB3575C9}.Debug|Win32.ActiveCfg = Debug|Win32
		{D92C20F7-085B-4FA2-991A-C2F8EB3575C9}.Debug|Win32.Build.0 = Debug|Win32
		{D92C20F7-085B-4FA2-991A-C2F8EB3575C9}.Release|Win32.ActiveCfg = Release|Win32
		{D92C20F7-085B-4FA2-991A-C2F8EB3575C9}.Release|Win32.Build.0 = Release|Win32
		{072067C7-D3DC-4BDC-B5DC-2616EE152438}.Debug|Win32.ActiveCfg = Debug|Win32
		{072067C7-D3DC-4BDC-B5DC-2616EE152438}.Debug|Win32.Build.0 = Debug|Win32
		{072067C7-D3DC-4BDC-B5DC-2616EE152438}.Release|Win32.ActiveCfg = Release|Win32
		{072067C7-D3DC-4BDC-B5DC-2616EE152438}.Release|Win32.Build.0 = Release|Win32
		{FA3719A4-5E91-4C3A-8782-2E0D3B09682C}.Debug|Win32.ActiveCfg = Debug|Win32
		{FA3719A4-5E91-4C3A-8782-2E0D3B09682C}.Debug|Win32.Build.0 = Debug|Win32
		{FA3719A4-5E91-4C3A-8782-2E0D3B09682C}.Release|Win32.ActiveCfg = Release|Win32
		{FA3719A4-5E91-4C3A-8782-2E0D3B09682C}.Release|Win32.Build.0 = Release|Win32
		{6C7B71A2-3AC9-40F0-95FC-4BCD2369AA7D}.Debug|Win32.ActiveCfg = Debug|Win32
		{6C7B71A2-3AC9-40F0-95FC-4BCD2369AA7D}.Debug|Win32.Build.0 = Debug|Win32
		{6C7B71A2-3AC9-40F0-95FC-4BCD2369AA7D}.Release|Win32.ActiveCfg = Release|Win32
		{6C7B71A2-3AC9-40F0-95FC-4BCD2369AA7D}.Release|Win32.Build.0 = Release|Win32
		{E741AE4F-37DC-4848-89D5-03A5834C4600}.Debug|Win32.ActiveCfg = Debug|Win32
		{E741AE4F-37DC-4848-89D5-03A5834C4600}.Debug|Win32.Build.0 = Debug|Win32
		{E741AE4F-37DC-4848-89D5-03A5834C4600}.Release|Win32.ActiveCfg = Release|Win32
		{E741AE4F-37DC-4848-89D5-03A5834C4600}.Release|Win32.Build.0 = Release|Win32
		{EA43532A-B68C-482F-BDE9-26E7A97C8905}.Debug|Win32.ActiveCfg = Debug|Win32
		{EA43532A-B68C-482F-BDE9-26E7A97C8905}.Debug|Win32.Build.0 = Debug|Win32
		{EA43532A-B68C-482F-BDE9-26E7A97C8905}.Release|Win32.ActiveCfg = Release|Win32
		{EA43532A-B68C-482F-BDE9-26E7A97C8905}.Release|Win32.Build.0 = Release|Win32
		{3065DACE-AA05-4B94-9300-446CC5BA8EE7}.Debug|Win32.ActiveCfg = Debug|Win32
		{3065DACE-AA05-4B94-9300-446CC5BA8EE7}.Debug|Win32.Build.0 = Debug|Win32
		{3065DACE-AA05-4B94-9300-446CC5BA8EE7}.Release|Win32.ActiveCfg = Release|Win32
		{3065DACE-AA05-4B94-9300-446CC5BA8EE7}.Release|Win32.Build.0 = Release|Win32
		{B6850394-A4DD-45CE-A1C9-16C4D67E3655}.Debug|Win32.ActiveCfg = Debug|Win32
		{B6850394-A4DD-45CE-A1C9-16C4D67E3655}.Debug|Win32.Build.0 = Debug|Win32
		{B6850394-A4DD-45CE-A1C9-16C4D67E3655}.Release|Win32.ActiveCfg = Release|Win32
		{B6850394-A4DD-45CE-A1C9-16C4D67E3655}.Release|Win32.Build.0 = Release|Win32
		{5FC62B27-041C-4E8B-B2AE-055ADE89E567}.Debug|Win32.ActiveCfg = Debug|Win32
		{5FC62B27-041C-4E8B-B2AE-055ADE89E567}.Debug|Win32.Build.0 = Debug|Win32
		{5FC62B27-041C-4E8B-B2AE-055ADE89E567}.Release|Win32.ActiveCfg = Release|Win32
		{5FC62B27-041C-4E8B-B2AE-055ADE89E567}.Release|Win32.Build.0 = Release|Win32
		{EACBE958-11A9-436D-8AC7-229AD18C89D9}.Debug|Win32.ActiveCfg = Debug|Win32
		{EACBE958-11A9-436D-8AC7-229AD18C89D9}.Debug|Win32.Build.0 = Debug|Win32
		{EACBE958-11A9-436D-8AC7-229AD18C89D9}.Release|Win32.ActiveCfg = Release|Win32
		{EACBE958-11A9-436D-8AC7-229AD18C89D9}.Release|Win32.Build.0 = Release|Win32
		{624E0B3A-F695-48D3-B58E-19CF12409A9A}.Debug|Win32.ActiveCfg = Debug|Win32
		{624E0B3A-F695-48D3-B58E-19CF12409A9A}.Debug|Win32.Build.0 = Debug|Win32
		{624E0B3A-F695-48D3-B58E-19CF12409A9A}.Release|Win32.ActiveCfg = Release|Win32
		{624E0B3A-F695-48D3-B58E-19CF12409A9A}.Release|Win32.Build.0 = Release|Win32
		{DCF8CFC2-B022-46A9-9044-3B7741B01847}.Debug|Win32.ActiveCfg = Debug|Win32
		{DCF8CFC2-B022-46A9-9044-3B7741B01847}.Debug|Win32.Build.0 = Debug|Win32
		{DCF8CFC2-B022-46A9-9044-3B7741B01847}.Release|Win32.ActiveCfg = Release|Win32
		{DCF8CFC2-B022-46A9-9044-3B7741B01847}.Release|Win32.Build.0 = Release|Win32
		{BF225473-856C-4DE5-B6F7-80796D8361D0}.Debug|Win32.ActiveCfg = Debug|Win32
		{BF225473-856C-4DE5-B6F7-80796D8361D0}.Debug|Win32.Build.0 = Debug|Win32
		{BF225473-856C-4DE5-B6F7-80796D8361D0}.Release|Win32.ActiveCfg = Release|Win32
		{BF225473-856C-4DE5-B6F7-80796D8361D0}.Release|Win32.Build.0 = Release|Win32
		{87B9B07B-7CCB-4BAE-BB7C-2CC120044F72}.Debug|Win32.ActiveCfg = Debug|Win32
		{87B9B07B-7CCB-4BAE-BB7C-2CC120044F72}.Debug|Win32.Build.0 = Debug|Win32
		{87B9B07B-7CCB-4BAE-BB7C-2CC120044F72}.Release|Win32.ActiveCfg = Release|Win32
		{87B9B07B-7CCB-4BAE-BB7C-2CC120044F72}.Release|Win32.Build.0 = Release|Win32
		{3A59C7B6-6978-473E-A12B-1EE423121F36}.Debug|Win32.ActiveCfg = Debug|Win32
		{3A59C7B6-6978-473E-A12B-1EE423121F36}.Debug|Win32.Build.0 = Debug|Win32
		{3A59C7B6-6978-473E-A12B-1EE423121F36}.Release|Win32.ActiveCfg = Release|Win32
		{3A59C7B6-6978-473E-A12B-1EE423121F36}.Release|Win32.Build.0 = Release|Win32
		{2EC32595-294F-4641-82B3-DA6117181AA0}.Debug|Win32.ActiveCfg = Debug|Win32
		{2EC32595-294F-4641-82B3-DA6117181AA0}.Debug|Win32.Build.0 = Debug|Win32
		{2EC32595-294F-4641-82B3-DA6117181AA0}.Release|Win32.ActiveCfg = Release|Win32
		{2EC32595-294F-4641-82B3-DA6117181AA0}.Release|Win32.Build.0 = Release|Win32
		{D106EEEC-2621-46EB-A018-311475458D63}.Debug|Win32.ActiveCfg = Debug|Win32
		{D106EEEC-2621-46EB-A018-311475458D63}.Debug|Win32.Build.0 = Debug|Win32
		{D106EEEC-2621-46EB-A018-311475458D63}.Release|Win32.ActiveCfg = Release|Win32
		{D106EEEC-2621-46EB-A018-311475458D63}.Release|Win32.Build.0 = Release|Win32
		{CA960C6D-6ECF-45BE-BC5E-08A5D919DC6A}.Debug|Win32.ActiveCfg = Debug|Win32
		{CA960C6D-6ECF-45BE-BC5E-08A5D919DC6A}.Debug|Win32.Build.0 = Debug|Win32
		{CA960C6D-6ECF-45BE-BC5E-08A5D919DC6A}.Release|Win32.ActiveCfg = Release|Win32
		{CA960C6D-6ECF-45BE-BC5E-08A5D919DC6A}.Release|Win32.Build.0 = Release|Win32
	EndGlobalSection
	GlobalSection(SolutionProperties) = preSolution
		HideSolutionNode = FALSE
	EndGlobalSection
EndGlobal
