
Microsoft Visual Studio Solution File, Format Version 9.00
# Visual Studio 2005
Project("{FAE04EC0-301F-11D3-BF4B-00C04F79EFBC}") = "ThingMagic.Reader", "ThingMagic.Reader\ThingMagic.Reader.csproj", "{78467BE9-1750-4E88-BEE1-D09CC30CF94A}"
EndProject
Project("{2150E333-8FDC-42A3-9474-1A3956D46DE8}") = "Solution Items", "Solution Items", "{B6D21198-F7C0-4B9C-AC3B-E029A067FC5D}"
	ProjectSection(SolutionItems) = preProject
		Doc\Reader.shfb = Doc\Reader.shfb
	EndProjectSection
EndProject
Project("{FAE04EC0-301F-11D3-BF4B-00C04F79EFBC}") = "ThingMagic.ReaderCE", "ThingMagic.ReaderCE\ThingMagic.ReaderCE.csproj", "{CE6AA516-F9AE-4136-B5D1-8D7306577522}"
EndProject
Project("{FAE04EC0-301F-11D3-BF4B-00C04F79EFBC}") = "Demo", "Samples\Demo\Demo.csproj", "{C26B2CAC-B931-48FE-B458-32497B722E68}"
EndProject
Project("{FAE04EC0-301F-11D3-BF4B-00C04F79EFBC}") = "DemoCE", "Samples\Demo\DemoCE\DemoCE.csproj", "{000D2251-A007-4128-877F-D86EC89C5486}"
EndProject
Global
	GlobalSection(SolutionConfigurationPlatforms) = preSolution
		Debug|Any CPU = Debug|Any CPU
		Release|Any CPU = Release|Any CPU
	EndGlobalSection
	GlobalSection(ProjectConfigurationPlatforms) = postSolution
		{78467BE9-1750-4E88-BEE1-D09CC30CF94A}.Debug|Any CPU.ActiveCfg = Debug|Any CPU
		{78467BE9-1750-4E88-BEE1-D09CC30CF94A}.Debug|Any CPU.Build.0 = Debug|Any CPU
		{78467BE9-1750-4E88-BEE1-D09CC30CF94A}.Release|Any CPU.ActiveCfg = Release|Any CPU
		{78467BE9-1750-4E88-BEE1-D09CC30CF94A}.Release|Any CPU.Build.0 = Release|Any CPU
		{CE6AA516-F9AE-4136-B5D1-8D7306577522}.Debug|Any CPU.ActiveCfg = Debug|Any CPU
		{CE6AA516-F9AE-4136-B5D1-8D7306577522}.Debug|Any CPU.Build.0 = Debug|Any CPU
		{CE6AA516-F9AE-4136-B5D1-8D7306577522}.Release|Any CPU.ActiveCfg = Release|Any CPU
		{CE6AA516-F9AE-4136-B5D1-8D7306577522}.Release|Any CPU.Build.0 = Release|Any CPU
		{C26B2CAC-B931-48FE-B458-32497B722E68}.Debug|Any CPU.ActiveCfg = Debug|Any CPU
		{C26B2CAC-B931-48FE-B458-32497B722E68}.Debug|Any CPU.Build.0 = Debug|Any CPU
		{C26B2CAC-B931-48FE-B458-32497B722E68}.Release|Any CPU.ActiveCfg = Release|Any CPU
		{C26B2CAC-B931-48FE-B458-32497B722E68}.Release|Any CPU.Build.0 = Release|Any CPU
		{000D2251-A007-4128-877F-D86EC89C5486}.Debug|Any CPU.ActiveCfg = Debug|Any CPU
		{000D2251-A007-4128-877F-D86EC89C5486}.Debug|Any CPU.Build.0 = Debug|Any CPU
		{000D2251-A007-4128-877F-D86EC89C5486}.Debug|Any CPU.Deploy.0 = Debug|Any CPU
		{000D2251-A007-4128-877F-D86EC89C5486}.Release|Any CPU.ActiveCfg = Release|Any CPU
		{000D2251-A007-4128-877F-D86EC89C5486}.Release|Any CPU.Build.0 = Release|Any CPU
		{000D2251-A007-4128-877F-D86EC89C5486}.Release|Any CPU.Deploy.0 = Release|Any CPU
	EndGlobalSection
	GlobalSection(SolutionProperties) = preSolution
		HideSolutionNode = FALSE
	EndGlobalSection
EndGlobal
